
Microsoft Visual Studio Solution File, Format Version 12.00
# Visual Studio 15
Project("{FAE04EC0-301F-11D3-BF4B-00C04F79EFBC}") = "BandyerDemo.Android", "BandyerDemo.Android\BandyerDemo.Android.csproj", "{094A8588-394F-42AC-B7A0-9FEE86536428}"
EndProject
Project("{FAE04EC0-301F-11D3-BF4B-00C04F79EFBC}") = "BandyerDemo.iOS", "BandyerDemo.iOS\BandyerDemo.iOS.csproj", "{A838044E-8305-47D4-8EC0-CDFA11EBC7E2}"
EndProject
Project("{FAE04EC0-301F-11D3-BF4B-00C04F79EFBC}") = "BandyerDemo", "BandyerDemo\BandyerDemo.csproj", "{6B98AF92-7D47-49E2-B047-4DF0A48B7AC1}"
EndProject
Global
	GlobalSection(SolutionConfigurationPlatforms) = preSolution
		Debug|Any CPU = Debug|Any CPU
		Release|Any CPU = Release|Any CPU
		Debug|iPhoneSimulator = Debug|iPhoneSimulator
		Release|iPhoneSimulator = Release|iPhoneSimulator
		Debug|iPhone = Debug|iPhone
		Release|iPhone = Release|iPhone
	EndGlobalSection
	GlobalSection(ProjectConfigurationPlatforms) = postSolution
		{094A8588-394F-42AC-B7A0-9FEE86536428}.Debug|Any CPU.ActiveCfg = Debug|Any CPU
		{094A8588-394F-42AC-B7A0-9FEE86536428}.Debug|Any CPU.Build.0 = Debug|Any CPU
		{094A8588-394F-42AC-B7A0-9FEE86536428}.Release|Any CPU.ActiveCfg = Release|Any CPU
		{094A8588-394F-42AC-B7A0-9FEE86536428}.Release|Any CPU.Build.0 = Release|Any CPU
		{094A8588-394F-42AC-B7A0-9FEE86536428}.Debug|iPhoneSimulator.ActiveCfg = Debug|Any CPU
		{094A8588-394F-42AC-B7A0-9FEE86536428}.Debug|iPhoneSimulator.Build.0 = Debug|Any CPU
		{094A8588-394F-42AC-B7A0-9FEE86536428}.Release|iPhoneSimulator.ActiveCfg = Release|Any CPU
		{094A8588-394F-42AC-B7A0-9FEE86536428}.Release|iPhoneSimulator.Build.0 = Release|Any CPU
		{094A8588-394F-42AC-B7A0-9FEE86536428}.Debug|iPhone.ActiveCfg = Debug|Any CPU
		{094A8588-394F-42AC-B7A0-9FEE86536428}.Debug|iPhone.Build.0 = Debug|Any CPU
		{094A8588-394F-42AC-B7A0-9FEE86536428}.Release|iPhone.ActiveCfg = Release|Any CPU
		{094A8588-394F-42AC-B7A0-9FEE86536428}.Release|iPhone.Build.0 = Release|Any CPU
		{A838044E-8305-47D4-8EC0-CDFA11EBC7E2}.Debug|Any CPU.ActiveCfg = Debug|iPhoneSimulator
		{A838044E-8305-47D4-8EC0-CDFA11EBC7E2}.Debug|Any CPU.Build.0 = Debug|iPhoneSimulator
		{A838044E-8305-47D4-8EC0-CDFA11EBC7E2}.Release|Any CPU.ActiveCfg = Release|iPhoneSimulator
		{A838044E-8305-47D4-8EC0-CDFA11EBC7E2}.Release|Any CPU.Build.0 = Release|iPhoneSimulator
		{A838044E-8305-47D4-8EC0-CDFA11EBC7E2}.Debug|iPhoneSimulator.ActiveCfg = Debug|iPhoneSimulator
		{A838044E-8305-47D4-8EC0-CDFA11EBC7E2}.Debug|iPhoneSimulator.Build.0 = Debug|iPhoneSimulator
		{A838044E-8305-47D4-8EC0-CDFA11EBC7E2}.Release|iPhoneSimulator.ActiveCfg = Release|iPhoneSimulator
		{A838044E-8305-47D4-8EC0-CDFA11EBC7E2}.Release|iPhoneSimulator.Build.0 = Release|iPhoneSimulator
		{A838044E-8305-47D4-8EC0-CDFA11EBC7E2}.Debug|iPhone.ActiveCfg = Debug|iPhone
		{A838044E-8305-47D4-8EC0-CDFA11EBC7E2}.Debug|iPhone.Build.0 = Debug|iPhone
		{A838044E-8305-47D4-8EC0-CDFA11EBC7E2}.Release|iPhone.ActiveCfg = Release|iPhone
		{A838044E-8305-47D4-8EC0-CDFA11EBC7E2}.Release|iPhone.Build.0 = Release|iPhone
		{6B98AF92-7D47-49E2-B047-4DF0A48B7AC1}.Debug|Any CPU.ActiveCfg = Debug|Any CPU
		{6B98AF92-7D47-49E2-B047-4DF0A48B7AC1}.Debug|Any CPU.Build.0 = Debug|Any CPU
		{6B98AF92-7D47-49E2-B047-4DF0A48B7AC1}.Release|Any CPU.ActiveCfg = Release|Any CPU
		{6B98AF92-7D47-49E2-B047-4DF0A48B7AC1}.Release|Any CPU.Build.0 = Release|Any CPU
		{6B98AF92-7D47-49E2-B047-4DF0A48B7AC1}.Debug|iPhoneSimulator.ActiveCfg = Debug|Any CPU
		{6B98AF92-7D47-49E2-B047-4DF0A48B7AC1}.Debug|iPhoneSimulator.Build.0 = Debug|Any CPU
		{6B98AF92-7D47-49E2-B047-4DF0A48B7AC1}.Release|iPhoneSimulator.ActiveCfg = Release|Any CPU
		{6B98AF92-7D47-49E2-B047-4DF0A48B7AC1}.Release|iPhoneSimulator.Build.0 = Release|Any CPU
		{6B98AF92-7D47-49E2-B047-4DF0A48B7AC1}.Debug|iPhone.ActiveCfg = Debug|Any CPU
		{6B98AF92-7D47-49E2-B047-4DF0A48B7AC1}.Debug|iPhone.Build.0 = Debug|Any CPU
		{6B98AF92-7D47-49E2-B047-4DF0A48B7AC1}.Release|iPhone.ActiveCfg = Release|Any CPU
		{6B98AF92-7D47-49E2-B047-4DF0A48B7AC1}.Release|iPhone.Build.0 = Release|Any CPU
	EndGlobalSection
EndGlobal
